
Microsoft Visual Studio Solution File, Format Version 11.00
# Visual Studio 2010
Project("{F184B08F-C81C-45F6-A57F-5ABD9991F28F}") = "Project challenge ganzenbord", "Project challenge ganzenbord\Project challenge ganzenbord.vbproj", "{CE5375FB-1BEC-4AA0-B0AC-E39092630A7E}"
EndProject
Global
	GlobalSection(SolutionConfigurationPlatforms) = preSolution
		Debug|x86 = Debug|x86
		Release|x86 = Release|x86
	EndGlobalSection
	GlobalSection(ProjectConfigurationPlatforms) = postSolution
		{CE5375FB-1BEC-4AA0-B0AC-E39092630A7E}.Debug|x86.ActiveCfg = Debug|x86
		{CE5375FB-1BEC-4AA0-B0AC-E39092630A7E}.Debug|x86.Build.0 = Debug|x86
		{CE5375FB-1BEC-4AA0-B0AC-E39092630A7E}.Release|x86.ActiveCfg = Release|x86
		{CE5375FB-1BEC-4AA0-B0AC-E39092630A7E}.Release|x86.Build.0 = Release|x86
	EndGlobalSection
	GlobalSection(SolutionProperties) = preSolution
		HideSolutionNode = FALSE
	EndGlobalSection
EndGlobal
